
Microsoft Visual Studio Solution File, Format Version 12.00
# Visual Studio 15
VisualStudioVersion = 15.0.27428.2037
MinimumVisualStudioVersion = 10.0.40219.1
Project("{FAE04EC0-301F-11D3-BF4B-00C04F79EFBC}") = "ADO.NET_DZ_N", "ADO.NET_DZ_N\ADO.NET_DZ_N.csproj", "{4CD75FB7-EDE7-43F0-BEA9-F89CD995BE95}"
EndProject
Global
	GlobalSection(SolutionConfigurationPlatforms) = preSolution
		Debug|Any CPU = Debug|Any CPU
		Release|Any CPU = Release|Any CPU
	EndGlobalSection
	GlobalSection(ProjectConfigurationPlatforms) = postSolution
		{4CD75FB7-EDE7-43F0-BEA9-F89CD995BE95}.Debug|Any CPU.ActiveCfg = Debug|Any CPU
		{4CD75FB7-EDE7-43F0-BEA9-F89CD995BE95}.Debug|Any CPU.Build.0 = Debug|Any CPU
		{4CD75FB7-EDE7-43F0-BEA9-F89CD995BE95}.Release|Any CPU.ActiveCfg = Release|Any CPU
		{4CD75FB7-EDE7-43F0-BEA9-F89CD995BE95}.Release|Any CPU.Build.0 = Release|Any CPU
	EndGlobalSection
	GlobalSection(SolutionProperties) = preSolution
		HideSolutionNode = FALSE
	EndGlobalSection
	GlobalSection(ExtensibilityGlobals) = postSolution
		SolutionGuid = {8D27CDCB-56C2-40F1-BC0E-A311F3D3469B}
	EndGlobalSection
EndGlobal
