
Microsoft Visual Studio Solution File, Format Version 12.00
# Visual Studio 15
VisualStudioVersion = 15.0.27428.2037
MinimumVisualStudioVersion = 10.0.40219.1
Project("{FAE04EC0-301F-11D3-BF4B-00C04F79EFBC}") = "DzADO.NET", "DzADO.NET\DzADO.NET.csproj", "{BDB7FB57-0847-4978-9BB8-BABB21519ECE}"
EndProject
Global
	GlobalSection(SolutionConfigurationPlatforms) = preSolution
		Debug|Any CPU = Debug|Any CPU
		Release|Any CPU = Release|Any CPU
	EndGlobalSection
	GlobalSection(ProjectConfigurationPlatforms) = postSolution
		{BDB7FB57-0847-4978-9BB8-BABB21519ECE}.Debug|Any CPU.ActiveCfg = Debug|Any CPU
		{BDB7FB57-0847-4978-9BB8-BABB21519ECE}.Debug|Any CPU.Build.0 = Debug|Any CPU
		{BDB7FB57-0847-4978-9BB8-BABB21519ECE}.Release|Any CPU.ActiveCfg = Release|Any CPU
		{BDB7FB57-0847-4978-9BB8-BABB21519ECE}.Release|Any CPU.Build.0 = Release|Any CPU
	EndGlobalSection
	GlobalSection(SolutionProperties) = preSolution
		HideSolutionNode = FALSE
	EndGlobalSection
	GlobalSection(ExtensibilityGlobals) = postSolution
		SolutionGuid = {8D27CDCB-56C2-40F1-BC0E-A311F3D3469B}
	EndGlobalSection
EndGlobal
